// !$*UTF8*$!
{
	archiveVersion = 1;
	classes = {
	};
	objectVersion = 50;
	objects = {

/* Begin PBXBuildFile section */
		C82CD9B821D48148001A5772 /* CandyDataProvider.swift in Sources */ = {isa = PBXBuildFile; fileRef = C82CD9B721D48148001A5772 /* CandyDataProvider.swift */; };
		C851C89921D35C9000BD718E /* AppDelegate.swift in Sources */ = {isa = PBXBuildFile; fileRef = C851C89821D35C9000BD718E /* AppDelegate.swift */; };
		C851C89E21D35C9000BD718E /* Main.storyboard in Resources */ = {isa = PBXBuildFile; fileRef = C851C89C21D35C9000BD718E /* Main.storyboard */; };
		C851C8A021D35C9200BD718E /* Assets.xcassets in Resources */ = {isa = PBXBuildFile; fileRef = C851C89F21D35C9200BD718E /* Assets.xcassets */; };
		C851C8A321D35C9200BD718E /* LaunchScreen.storyboard in Resources */ = {isa = PBXBuildFile; fileRef = C851C8A121D35C9200BD718E /* LaunchScreen.storyboard */; };
		C851C8AE21D35C9200BD718E /* CandyWithMVVMCTests.swift in Sources */ = {isa = PBXBuildFile; fileRef = C851C8AD21D35C9200BD718E /* CandyWithMVVMCTests.swift */; };
		C851C8B921D35C9200BD718E /* CandyWithMVVMCUITests.swift in Sources */ = {isa = PBXBuildFile; fileRef = C851C8B821D35C9200BD718E /* CandyWithMVVMCUITests.swift */; };
		C851C8C821D35CA200BD718E /* Coordinator.swift in Sources */ = {isa = PBXBuildFile; fileRef = C851C8C621D35CA200BD718E /* Coordinator.swift */; };
		C851C8C921D35CA200BD718E /* AppCoordinator.swift in Sources */ = {isa = PBXBuildFile; fileRef = C851C8C721D35CA200BD718E /* AppCoordinator.swift */; };
		C851C8CB21D35D3400BD718E /* Candy.swift in Sources */ = {isa = PBXBuildFile; fileRef = C851C8CA21D35D3300BD718E /* Candy.swift */; };
		C851C8CF21D35DAA00BD718E /* CandyViewData.swift in Sources */ = {isa = PBXBuildFile; fileRef = C851C8CE21D35DAA00BD718E /* CandyViewData.swift */; };
		C851C8D121D35E2E00BD718E /* CandyViewDataType.swift in Sources */ = {isa = PBXBuildFile; fileRef = C851C8D021D35E2E00BD718E /* CandyViewDataType.swift */; };
		C851C8D421D35F2B00BD718E /* CandyListCoordinator.swift in Sources */ = {isa = PBXBuildFile; fileRef = C851C8D321D35F2B00BD718E /* CandyListCoordinator.swift */; };
		C851C8D621D35F6A00BD718E /* CandyViewModel.swift in Sources */ = {isa = PBXBuildFile; fileRef = C851C8D521D35F6A00BD718E /* CandyViewModel.swift */; };
		C851C8D821D360FF00BD718E /* CandyViewModelType.swift in Sources */ = {isa = PBXBuildFile; fileRef = C851C8D721D360FE00BD718E /* CandyViewModelType.swift */; };
		C851C8DA21D3645900BD718E /* CandyDetailViewData.swift in Sources */ = {isa = PBXBuildFile; fileRef = C851C8D921D3645900BD718E /* CandyDetailViewData.swift */; };
		C851C8DC21D364F300BD718E /* CandyDetailViewDataType.swift in Sources */ = {isa = PBXBuildFile; fileRef = C851C8DB21D364F300BD718E /* CandyDetailViewDataType.swift */; };
		C851C8DE21D366DB00BD718E /* CandyListViewController.swift in Sources */ = {isa = PBXBuildFile; fileRef = C851C8DD21D366DB00BD718E /* CandyListViewController.swift */; };
		C851C8E021D366F600BD718E /* Helper.swift in Sources */ = {isa = PBXBuildFile; fileRef = C851C8DF21D366F600BD718E /* Helper.swift */; };
		C851C8E221D36E3A00BD718E /* CandyDetailViewController.swift in Sources */ = {isa = PBXBuildFile; fileRef = C851C8E121D36E3A00BD718E /* CandyDetailViewController.swift */; };
		C851C8E421D37C8600BD718E /* CandyDetailViewModel.swift in Sources */ = {isa = PBXBuildFile; fileRef = C851C8E321D37C8600BD718E /* CandyDetailViewModel.swift */; };
		C851C8E621D37CF300BD718E /* CandyDetailViewModelType.swift in Sources */ = {isa = PBXBuildFile; fileRef = C851C8E521D37CF300BD718E /* CandyDetailViewModelType.swift */; };
		C851C8E921D3870C00BD718E /* ApiClient.swift in Sources */ = {isa = PBXBuildFile; fileRef = C851C8E821D3870C00BD718E /* ApiClient.swift */; };
		C851C8EB21D3872700BD718E /* CandyService.swift in Sources */ = {isa = PBXBuildFile; fileRef = C851C8EA21D3872700BD718E /* CandyService.swift */; };
		C867A14C25AE7E950004559B /* CandyListViewModel.swift in Sources */ = {isa = PBXBuildFile; fileRef = C867A14B25AE7E950004559B /* CandyListViewModel.swift */; };
		C867A15125AE7F600004559B /* CandyListViewModelType.swift in Sources */ = {isa = PBXBuildFile; fileRef = C867A15025AE7F600004559B /* CandyListViewModelType.swift */; };
		C867A16F25AE8FF20004559B /* CandyMapViewController.swift in Sources */ = {isa = PBXBuildFile; fileRef = C867A16E25AE8FF20004559B /* CandyMapViewController.swift */; };
		C867A17F25AE93650004559B /* CandyMapViewModel.swift in Sources */ = {isa = PBXBuildFile; fileRef = C867A17E25AE93650004559B /* CandyMapViewModel.swift */; };
		C867A18425AE939C0004559B /* CandyShop.swift in Sources */ = {isa = PBXBuildFile; fileRef = C867A18325AE939C0004559B /* CandyShop.swift */; };
		C867A18925AEA1840004559B /* candyShop.json in Resources */ = {isa = PBXBuildFile; fileRef = C867A18825AEA1840004559B /* candyShop.json */; };
		C867A18E25AEA1BC0004559B /* CandyLocation.swift in Sources */ = {isa = PBXBuildFile; fileRef = C867A18D25AEA1BC0004559B /* CandyLocation.swift */; };
		C867A19325AEA2C90004559B /* CandyLocationViewData.swift in Sources */ = {isa = PBXBuildFile; fileRef = C867A19225AEA2C90004559B /* CandyLocationViewData.swift */; };
		C867A19825AEA3250004559B /* CandyLocationDataType.swift in Sources */ = {isa = PBXBuildFile; fileRef = C867A19725AEA3250004559B /* CandyLocationDataType.swift */; };
		C867A19D25AEC1470004559B /* CandyMapViewModelType.swift in Sources */ = {isa = PBXBuildFile; fileRef = C867A19C25AEC1470004559B /* CandyMapViewModelType.swift */; };
		C8B2FD2125957E4D00862920 /* candies.json in Resources */ = {isa = PBXBuildFile; fileRef = C8B2FD2025957E4D00862920 /* candies.json */; };
		C8B2FD26259583BD00862920 /* SearchFooter.swift in Sources */ = {isa = PBXBuildFile; fileRef = C8B2FD25259583BD00862920 /* SearchFooter.swift */; };
		C8B2FD2B259593AB00862920 /* SearchViewController.swift in Sources */ = {isa = PBXBuildFile; fileRef = C8B2FD2A259593AB00862920 /* SearchViewController.swift */; };
		C8B2FD30259599E600862920 /* Observable.swift in Sources */ = {isa = PBXBuildFile; fileRef = C8B2FD2F259599E600862920 /* Observable.swift */; };
		C8BC62A625B7DB1400E68A74 /* CandyListTableViewCell.swift in Sources */ = {isa = PBXBuildFile; fileRef = C8BC62A525B7DB1400E68A74 /* CandyListTableViewCell.swift */; };
/* End PBXBuildFile section */

/* Begin PBXContainerItemProxy section */
		C851C8AA21D35C9200BD718E /* PBXContainerItemProxy */ = {
			isa = PBXContainerItemProxy;
			containerPortal = C851C88D21D35C9000BD718E /* Project object */;
			proxyType = 1;
			remoteGlobalIDString = C851C89421D35C9000BD718E;
			remoteInfo = CandyWithMVVMC;
		};
		C851C8B521D35C9200BD718E /* PBXContainerItemProxy */ = {
			isa = PBXContainerItemProxy;
			containerPortal = C851C88D21D35C9000BD718E /* Project object */;
			proxyType = 1;
			remoteGlobalIDString = C851C89421D35C9000BD718E;
			remoteInfo = CandyWithMVVMC;
		};
/* End PBXContainerItemProxy section */

/* Begin PBXFileReference section */
		C82CD9B721D48148001A5772 /* CandyDataProvider.swift */ = {isa = PBXFileReference; lastKnownFileType = sourcecode.swift; path = CandyDataProvider.swift; sourceTree = "<group>"; };
		C851C89521D35C9000BD718E /* CandyWithMVVMC.app */ = {isa = PBXFileReference; explicitFileType = wrapper.application; includeInIndex = 0; path = CandyWithMVVMC.app; sourceTree = BUILT_PRODUCTS_DIR; };
		C851C89821D35C9000BD718E /* AppDelegate.swift */ = {isa = PBXFileReference; lastKnownFileType = sourcecode.swift; path = AppDelegate.swift; sourceTree = "<group>"; };
		C851C89D21D35C9000BD718E /* Base */ = {isa = PBXFileReference; lastKnownFileType = file.storyboard; name = Base; path = Base.lproj/Main.storyboard; sourceTree = "<group>"; };
		C851C89F21D35C9200BD718E /* Assets.xcassets */ = {isa = PBXFileReference; lastKnownFileType = folder.assetcatalog; path = Assets.xcassets; sourceTree = "<group>"; };
		C851C8A221D35C9200BD718E /* Base */ = {isa = PBXFileReference; lastKnownFileType = file.storyboard; name = Base; path = Base.lproj/LaunchScreen.storyboard; sourceTree = "<group>"; };
		C851C8A421D35C9200BD718E /* Info.plist */ = {isa = PBXFileReference; lastKnownFileType = text.plist.xml; path = Info.plist; sourceTree = "<group>"; };
		C851C8A921D35C9200BD718E /* CandyWithMVVMCTests.xctest */ = {isa = PBXFileReference; explicitFileType = wrapper.cfbundle; includeInIndex = 0; path = CandyWithMVVMCTests.xctest; sourceTree = BUILT_PRODUCTS_DIR; };
		C851C8AD21D35C9200BD718E /* CandyWithMVVMCTests.swift */ = {isa = PBXFileReference; lastKnownFileType = sourcecode.swift; path = CandyWithMVVMCTests.swift; sourceTree = "<group>"; };
		C851C8AF21D35C9200BD718E /* Info.plist */ = {isa = PBXFileReference; lastKnownFileType = text.plist.xml; path = Info.plist; sourceTree = "<group>"; };
		C851C8B421D35C9200BD718E /* CandyWithMVVMCUITests.xctest */ = {isa = PBXFileReference; explicitFileType = wrapper.cfbundle; includeInIndex = 0; path = CandyWithMVVMCUITests.xctest; sourceTree = BUILT_PRODUCTS_DIR; };
		C851C8B821D35C9200BD718E /* CandyWithMVVMCUITests.swift */ = {isa = PBXFileReference; lastKnownFileType = sourcecode.swift; path = CandyWithMVVMCUITests.swift; sourceTree = "<group>"; };
		C851C8BA21D35C9200BD718E /* Info.plist */ = {isa = PBXFileReference; lastKnownFileType = text.plist.xml; path = Info.plist; sourceTree = "<group>"; };
		C851C8C621D35CA200BD718E /* Coordinator.swift */ = {isa = PBXFileReference; fileEncoding = 4; lastKnownFileType = sourcecode.swift; path = Coordinator.swift; sourceTree = "<group>"; };
		C851C8C721D35CA200BD718E /* AppCoordinator.swift */ = {isa = PBXFileReference; fileEncoding = 4; lastKnownFileType = sourcecode.swift; path = AppCoordinator.swift; sourceTree = "<group>"; };
		C851C8CA21D35D3300BD718E /* Candy.swift */ = {isa = PBXFileReference; fileEncoding = 4; lastKnownFileType = sourcecode.swift; path = Candy.swift; sourceTree = "<group>"; };
		C851C8CE21D35DAA00BD718E /* CandyViewData.swift */ = {isa = PBXFileReference; lastKnownFileType = sourcecode.swift; path = CandyViewData.swift; sourceTree = "<group>"; };
		C851C8D021D35E2E00BD718E /* CandyViewDataType.swift */ = {isa = PBXFileReference; lastKnownFileType = sourcecode.swift; path = CandyViewDataType.swift; sourceTree = "<group>"; };
		C851C8D321D35F2B00BD718E /* CandyListCoordinator.swift */ = {isa = PBXFileReference; lastKnownFileType = sourcecode.swift; path = CandyListCoordinator.swift; sourceTree = "<group>"; };
		C851C8D521D35F6A00BD718E /* CandyViewModel.swift */ = {isa = PBXFileReference; lastKnownFileType = sourcecode.swift; path = CandyViewModel.swift; sourceTree = "<group>"; };
		C851C8D721D360FE00BD718E /* CandyViewModelType.swift */ = {isa = PBXFileReference; lastKnownFileType = sourcecode.swift; path = CandyViewModelType.swift; sourceTree = "<group>"; };
		C851C8D921D3645900BD718E /* CandyDetailViewData.swift */ = {isa = PBXFileReference; lastKnownFileType = sourcecode.swift; path = CandyDetailViewData.swift; sourceTree = "<group>"; };
		C851C8DB21D364F300BD718E /* CandyDetailViewDataType.swift */ = {isa = PBXFileReference; lastKnownFileType = sourcecode.swift; path = CandyDetailViewDataType.swift; sourceTree = "<group>"; };
		C851C8DD21D366DB00BD718E /* CandyListViewController.swift */ = {isa = PBXFileReference; lastKnownFileType = sourcecode.swift; path = CandyListViewController.swift; sourceTree = "<group>"; };
		C851C8DF21D366F600BD718E /* Helper.swift */ = {isa = PBXFileReference; fileEncoding = 4; lastKnownFileType = sourcecode.swift; path = Helper.swift; sourceTree = "<group>"; };
		C851C8E121D36E3A00BD718E /* CandyDetailViewController.swift */ = {isa = PBXFileReference; fileEncoding = 4; lastKnownFileType = sourcecode.swift; path = CandyDetailViewController.swift; sourceTree = "<group>"; };
		C851C8E321D37C8600BD718E /* CandyDetailViewModel.swift */ = {isa = PBXFileReference; lastKnownFileType = sourcecode.swift; path = CandyDetailViewModel.swift; sourceTree = "<group>"; };
		C851C8E521D37CF300BD718E /* CandyDetailViewModelType.swift */ = {isa = PBXFileReference; lastKnownFileType = sourcecode.swift; path = CandyDetailViewModelType.swift; sourceTree = "<group>"; };
		C851C8E821D3870C00BD718E /* ApiClient.swift */ = {isa = PBXFileReference; fileEncoding = 4; lastKnownFileType = sourcecode.swift; path = ApiClient.swift; sourceTree = "<group>"; };
		C851C8EA21D3872700BD718E /* CandyService.swift */ = {isa = PBXFileReference; lastKnownFileType = sourcecode.swift; path = CandyService.swift; sourceTree = "<group>"; };
		C867A14B25AE7E950004559B /* CandyListViewModel.swift */ = {isa = PBXFileReference; lastKnownFileType = sourcecode.swift; path = CandyListViewModel.swift; sourceTree = "<group>"; };
		C867A15025AE7F600004559B /* CandyListViewModelType.swift */ = {isa = PBXFileReference; lastKnownFileType = sourcecode.swift; path = CandyListViewModelType.swift; sourceTree = "<group>"; };
		C867A16E25AE8FF20004559B /* CandyMapViewController.swift */ = {isa = PBXFileReference; lastKnownFileType = sourcecode.swift; path = CandyMapViewController.swift; sourceTree = "<group>"; };
		C867A17E25AE93650004559B /* CandyMapViewModel.swift */ = {isa = PBXFileReference; lastKnownFileType = sourcecode.swift; path = CandyMapViewModel.swift; sourceTree = "<group>"; };
		C867A18325AE939C0004559B /* CandyShop.swift */ = {isa = PBXFileReference; lastKnownFileType = sourcecode.swift; path = CandyShop.swift; sourceTree = "<group>"; };
		C867A18825AEA1840004559B /* candyShop.json */ = {isa = PBXFileReference; fileEncoding = 4; lastKnownFileType = text.json; path = candyShop.json; sourceTree = "<group>"; };
		C867A18D25AEA1BC0004559B /* CandyLocation.swift */ = {isa = PBXFileReference; lastKnownFileType = sourcecode.swift; path = CandyLocation.swift; sourceTree = "<group>"; };
		C867A19225AEA2C90004559B /* CandyLocationViewData.swift */ = {isa = PBXFileReference; lastKnownFileType = sourcecode.swift; path = CandyLocationViewData.swift; sourceTree = "<group>"; };
		C867A19725AEA3250004559B /* CandyLocationDataType.swift */ = {isa = PBXFileReference; lastKnownFileType = sourcecode.swift; path = CandyLocationDataType.swift; sourceTree = "<group>"; };
		C867A19C25AEC1470004559B /* CandyMapViewModelType.swift */ = {isa = PBXFileReference; lastKnownFileType = sourcecode.swift; path = CandyMapViewModelType.swift; sourceTree = "<group>"; };
		C8B2FD2025957E4D00862920 /* candies.json */ = {isa = PBXFileReference; fileEncoding = 4; lastKnownFileType = text.json; path = candies.json; sourceTree = "<group>"; };
		C8B2FD25259583BD00862920 /* SearchFooter.swift */ = {isa = PBXFileReference; lastKnownFileType = sourcecode.swift; path = SearchFooter.swift; sourceTree = "<group>"; };
		C8B2FD2A259593AB00862920 /* SearchViewController.swift */ = {isa = PBXFileReference; lastKnownFileType = sourcecode.swift; path = SearchViewController.swift; sourceTree = "<group>"; };
		C8B2FD2F259599E600862920 /* Observable.swift */ = {isa = PBXFileReference; lastKnownFileType = sourcecode.swift; path = Observable.swift; sourceTree = "<group>"; };
		C8BC62A525B7DB1400E68A74 /* CandyListTableViewCell.swift */ = {isa = PBXFileReference; lastKnownFileType = sourcecode.swift; path = CandyListTableViewCell.swift; sourceTree = "<group>"; };
/* End PBXFileReference section */

/* Begin PBXFrameworksBuildPhase section */
		C851C89221D35C9000BD718E /* Frameworks */ = {
			isa = PBXFrameworksBuildPhase;
			buildActionMask = 2147483647;
			files = (
			);
			runOnlyForDeploymentPostprocessing = 0;
		};
		C851C8A621D35C9200BD718E /* Frameworks */ = {
			isa = PBXFrameworksBuildPhase;
			buildActionMask = 2147483647;
			files = (
			);
			runOnlyForDeploymentPostprocessing = 0;
		};
		C851C8B121D35C9200BD718E /* Frameworks */ = {
			isa = PBXFrameworksBuildPhase;
			buildActionMask = 2147483647;
			files = (
			);
			runOnlyForDeploymentPostprocessing = 0;
		};
/* End PBXFrameworksBuildPhase section */

/* Begin PBXGroup section */
		C851C88C21D35C9000BD718E = {
			isa = PBXGroup;
			children = (
				C851C89721D35C9000BD718E /* CandyWithMVVMC */,
				C851C8AC21D35C9200BD718E /* CandyWithMVVMCTests */,
				C851C8B721D35C9200BD718E /* CandyWithMVVMCUITests */,
				C851C89621D35C9000BD718E /* Products */,
			);
			sourceTree = "<group>";
		};
		C851C89621D35C9000BD718E /* Products */ = {
			isa = PBXGroup;
			children = (
				C851C89521D35C9000BD718E /* CandyWithMVVMC.app */,
				C851C8A921D35C9200BD718E /* CandyWithMVVMCTests.xctest */,
				C851C8B421D35C9200BD718E /* CandyWithMVVMCUITests.xctest */,
			);
			name = Products;
			sourceTree = "<group>";
		};
		C851C89721D35C9000BD718E /* CandyWithMVVMC */ = {
			isa = PBXGroup;
			children = (
				C8B2FD1E25957AD500862920 /* View */,
				C8B2FD1D259578AF00862920 /* Controller */,
				C8B2FD1C259578A300862920 /* Coordinator */,
				C851C8E721D3870000BD718E /* Service */,
				C851C8D221D35E9200BD718E /* ViewModel */,
				C851C8CD21D35D9900BD718E /* ViewData */,
				C851C8CC21D35D3900BD718E /* Model */,
				C851C89821D35C9000BD718E /* AppDelegate.swift */,
				C851C8DF21D366F600BD718E /* Helper.swift */,
				C8B2FD2F259599E600862920 /* Observable.swift */,
				C8B2FD2025957E4D00862920 /* candies.json */,
				C867A18825AEA1840004559B /* candyShop.json */,
				C851C89C21D35C9000BD718E /* Main.storyboard */,
				C851C89F21D35C9200BD718E /* Assets.xcassets */,
				C851C8A121D35C9200BD718E /* LaunchScreen.storyboard */,
				C851C8A421D35C9200BD718E /* Info.plist */,
			);
			path = CandyWithMVVMC;
			sourceTree = "<group>";
		};
		C851C8AC21D35C9200BD718E /* CandyWithMVVMCTests */ = {
			isa = PBXGroup;
			children = (
				C851C8AD21D35C9200BD718E /* CandyWithMVVMCTests.swift */,
				C851C8AF21D35C9200BD718E /* Info.plist */,
			);
			path = CandyWithMVVMCTests;
			sourceTree = "<group>";
		};
		C851C8B721D35C9200BD718E /* CandyWithMVVMCUITests */ = {
			isa = PBXGroup;
			children = (
				C851C8B821D35C9200BD718E /* CandyWithMVVMCUITests.swift */,
				C851C8BA21D35C9200BD718E /* Info.plist */,
			);
			path = CandyWithMVVMCUITests;
			sourceTree = "<group>";
		};
		C851C8CC21D35D3900BD718E /* Model */ = {
			isa = PBXGroup;
			children = (
				C851C8CA21D35D3300BD718E /* Candy.swift */,
				C867A18325AE939C0004559B /* CandyShop.swift */,
				C867A18D25AEA1BC0004559B /* CandyLocation.swift */,
			);
			path = Model;
			sourceTree = "<group>";
		};
		C851C8CD21D35D9900BD718E /* ViewData */ = {
			isa = PBXGroup;
			children = (
				C851C8CE21D35DAA00BD718E /* CandyViewData.swift */,
				C851C8D021D35E2E00BD718E /* CandyViewDataType.swift */,
				C851C8D921D3645900BD718E /* CandyDetailViewData.swift */,
				C851C8DB21D364F300BD718E /* CandyDetailViewDataType.swift */,
				C867A19225AEA2C90004559B /* CandyLocationViewData.swift */,
				C867A19725AEA3250004559B /* CandyLocationDataType.swift */,
			);
			path = ViewData;
			sourceTree = "<group>";
		};
		C851C8D221D35E9200BD718E /* ViewModel */ = {
			isa = PBXGroup;
			children = (
				C851C8D521D35F6A00BD718E /* CandyViewModel.swift */,
				C851C8D721D360FE00BD718E /* CandyViewModelType.swift */,
				C867A14B25AE7E950004559B /* CandyListViewModel.swift */,
				C867A15025AE7F600004559B /* CandyListViewModelType.swift */,
				C851C8E321D37C8600BD718E /* CandyDetailViewModel.swift */,
				C851C8E521D37CF300BD718E /* CandyDetailViewModelType.swift */,
				C867A17E25AE93650004559B /* CandyMapViewModel.swift */,
				C867A19C25AEC1470004559B /* CandyMapViewModelType.swift */,
			);
			path = ViewModel;
			sourceTree = "<group>";
		};
		C851C8E721D3870000BD718E /* Service */ = {
			isa = PBXGroup;
			children = (
				C851C8E821D3870C00BD718E /* ApiClient.swift */,
				C851C8EA21D3872700BD718E /* CandyService.swift */,
				C82CD9B721D48148001A5772 /* CandyDataProvider.swift */,
			);
			path = Service;
			sourceTree = "<group>";
		};
		C8B2FD1C259578A300862920 /* Coordinator */ = {
			isa = PBXGroup;
			children = (
				C851C8C721D35CA200BD718E /* AppCoordinator.swift */,
				C851C8C621D35CA200BD718E /* Coordinator.swift */,
				C851C8D321D35F2B00BD718E /* CandyListCoordinator.swift */,
			);
			path = Coordinator;
			sourceTree = "<group>";
		};
		C8B2FD1D259578AF00862920 /* Controller */ = {
			isa = PBXGroup;
			children = (
				C851C8DD21D366DB00BD718E /* CandyListViewController.swift */,
				C851C8E121D36E3A00BD718E /* CandyDetailViewController.swift */,
				C867A16E25AE8FF20004559B /* CandyMapViewController.swift */,
			);
			path = Controller;
			sourceTree = "<group>";
		};
		C8B2FD1E25957AD500862920 /* View */ = {
			isa = PBXGroup;
			children = (
				C8B2FD25259583BD00862920 /* SearchFooter.swift */,
				C8B2FD2A259593AB00862920 /* SearchViewController.swift */,
				C8BC62A525B7DB1400E68A74 /* CandyListTableViewCell.swift */,
			);
			path = View;
			sourceTree = "<group>";
		};
/* End PBXGroup section */

/* Begin PBXNativeTarget section */
		C851C89421D35C9000BD718E /* CandyWithMVVMC */ = {
			isa = PBXNativeTarget;
			buildConfigurationList = C851C8BD21D35C9200BD718E /* Build configuration list for PBXNativeTarget "CandyWithMVVMC" */;
			buildPhases = (
				C851C89121D35C9000BD718E /* Sources */,
				C851C89221D35C9000BD718E /* Frameworks */,
				C851C89321D35C9000BD718E /* Resources */,
			);
			buildRules = (
			);
			dependencies = (
			);
			name = CandyWithMVVMC;
			productName = CandyWithMVVMC;
			productReference = C851C89521D35C9000BD718E /* CandyWithMVVMC.app */;
			productType = "com.apple.product-type.application";
		};
		C851C8A821D35C9200BD718E /* CandyWithMVVMCTests */ = {
			isa = PBXNativeTarget;
			buildConfigurationList = C851C8C021D35C9200BD718E /* Build configuration list for PBXNativeTarget "CandyWithMVVMCTests" */;
			buildPhases = (
				C851C8A521D35C9200BD718E /* Sources */,
				C851C8A621D35C9200BD718E /* Frameworks */,
				C851C8A721D35C9200BD718E /* Resources */,
			);
			buildRules = (
			);
			dependencies = (
				C851C8AB21D35C9200BD718E /* PBXTargetDependency */,
			);
			name = CandyWithMVVMCTests;
			productName = CandyWithMVVMCTests;
			productReference = C851C8A921D35C9200BD718E /* CandyWithMVVMCTests.xctest */;
			productType = "com.apple.product-type.bundle.unit-test";
		};
		C851C8B321D35C9200BD718E /* CandyWithMVVMCUITests */ = {
			isa = PBXNativeTarget;
			buildConfigurationList = C851C8C321D35C9200BD718E /* Build configuration list for PBXNativeTarget "CandyWithMVVMCUITests" */;
			buildPhases = (
				C851C8B021D35C9200BD718E /* Sources */,
				C851C8B121D35C9200BD718E /* Frameworks */,
				C851C8B221D35C9200BD718E /* Resources */,
			);
			buildRules = (
			);
			dependencies = (
				C851C8B621D35C9200BD718E /* PBXTargetDependency */,
			);
			name = CandyWithMVVMCUITests;
			productName = CandyWithMVVMCUITests;
			productReference = C851C8B421D35C9200BD718E /* CandyWithMVVMCUITests.xctest */;
			productType = "com.apple.product-type.bundle.ui-testing";
		};
/* End PBXNativeTarget section */

/* Begin PBXProject section */
		C851C88D21D35C9000BD718E /* Project object */ = {
			isa = PBXProject;
			attributes = {
				LastSwiftUpdateCheck = 1010;
				LastUpgradeCheck = 1010;
				ORGANIZATIONNAME = "雲端開發部-廖彥勛";
				TargetAttributes = {
					C851C89421D35C9000BD718E = {
						CreatedOnToolsVersion = 10.1;
					};
					C851C8A821D35C9200BD718E = {
						CreatedOnToolsVersion = 10.1;
						TestTargetID = C851C89421D35C9000BD718E;
					};
					C851C8B321D35C9200BD718E = {
						CreatedOnToolsVersion = 10.1;
						TestTargetID = C851C89421D35C9000BD718E;
					};
				};
			};
			buildConfigurationList = C851C89021D35C9000BD718E /* Build configuration list for PBXProject "CandyWithMVVMC" */;
			compatibilityVersion = "Xcode 9.3";
			developmentRegion = en;
			hasScannedForEncodings = 0;
			knownRegions = (
				en,
				Base,
			);
			mainGroup = C851C88C21D35C9000BD718E;
			productRefGroup = C851C89621D35C9000BD718E /* Products */;
			projectDirPath = "";
			projectRoot = "";
			targets = (
				C851C89421D35C9000BD718E /* CandyWithMVVMC */,
				C851C8A821D35C9200BD718E /* CandyWithMVVMCTests */,
				C851C8B321D35C9200BD718E /* CandyWithMVVMCUITests */,
			);
		};
/* End PBXProject section */

/* Begin PBXResourcesBuildPhase section */
		C851C89321D35C9000BD718E /* Resources */ = {
			isa = PBXResourcesBuildPhase;
			buildActionMask = 2147483647;
			files = (
				C851C8A321D35C9200BD718E /* LaunchScreen.storyboard in Resources */,
				C867A18925AEA1840004559B /* candyShop.json in Resources */,
				C851C8A021D35C9200BD718E /* Assets.xcassets in Resources */,
				C851C89E21D35C9000BD718E /* Main.storyboard in Resources */,
				C8B2FD2125957E4D00862920 /* candies.json in Resources */,
			);
			runOnlyForDeploymentPostprocessing = 0;
		};
		C851C8A721D35C9200BD718E /* Resources */ = {
			isa = PBXResourcesBuildPhase;
			buildActionMask = 2147483647;
			files = (
			);
			runOnlyForDeploymentPostprocessing = 0;
		};
		C851C8B221D35C9200BD718E /* Resources */ = {
			isa = PBXResourcesBuildPhase;
			buildActionMask = 2147483647;
			files = (
			);
			runOnlyForDeploymentPostprocessing = 0;
		};
/* End PBXResourcesBuildPhase section */

/* Begin PBXSourcesBuildPhase section */
		C851C89121D35C9000BD718E /* Sources */ = {
			isa = PBXSourcesBuildPhase;
			buildActionMask = 2147483647;
			files = (
				C867A19325AEA2C90004559B /* CandyLocationViewData.swift in Sources */,
				C867A15125AE7F600004559B /* CandyListViewModelType.swift in Sources */,
				C8B2FD30259599E600862920 /* Observable.swift in Sources */,
				C867A18E25AEA1BC0004559B /* CandyLocation.swift in Sources */,
				C867A19825AEA3250004559B /* CandyLocationDataType.swift in Sources */,
				C8BC62A625B7DB1400E68A74 /* CandyListTableViewCell.swift in Sources */,
				C851C8DA21D3645900BD718E /* CandyDetailViewData.swift in Sources */,
				C851C8DC21D364F300BD718E /* CandyDetailViewDataType.swift in Sources */,
				C851C8DE21D366DB00BD718E /* CandyListViewController.swift in Sources */,
				C851C8D821D360FF00BD718E /* CandyViewModelType.swift in Sources */,
				C851C8E921D3870C00BD718E /* ApiClient.swift in Sources */,
				C851C8EB21D3872700BD718E /* CandyService.swift in Sources */,
				C851C8C921D35CA200BD718E /* AppCoordinator.swift in Sources */,
				C82CD9B821D48148001A5772 /* CandyDataProvider.swift in Sources */,
				C851C8E421D37C8600BD718E /* CandyDetailViewModel.swift in Sources */,
				C867A19D25AEC1470004559B /* CandyMapViewModelType.swift in Sources */,
				C867A14C25AE7E950004559B /* CandyListViewModel.swift in Sources */,
				C851C8E221D36E3A00BD718E /* CandyDetailViewController.swift in Sources */,
				C8B2FD26259583BD00862920 /* SearchFooter.swift in Sources */,
				C851C8CB21D35D3400BD718E /* Candy.swift in Sources */,
				C867A17F25AE93650004559B /* CandyMapViewModel.swift in Sources */,
				C851C8CF21D35DAA00BD718E /* CandyViewData.swift in Sources */,
				C851C8E621D37CF300BD718E /* CandyDetailViewModelType.swift in Sources */,
				C851C8D121D35E2E00BD718E /* CandyViewDataType.swift in Sources */,
				C8B2FD2B259593AB00862920 /* SearchViewController.swift in Sources */,
				C851C8D421D35F2B00BD718E /* CandyListCoordinator.swift in Sources */,
				C851C89921D35C9000BD718E /* AppDelegate.swift in Sources */,
				C867A16F25AE8FF20004559B /* CandyMapViewController.swift in Sources */,
				C851C8E021D366F600BD718E /* Helper.swift in Sources */,
				C851C8C821D35CA200BD718E /* Coordinator.swift in Sources */,
				C851C8D621D35F6A00BD718E /* CandyViewModel.swift in Sources */,
				C867A18425AE939C0004559B /* CandyShop.swift in Sources */,
			);
			runOnlyForDeploymentPostprocessing = 0;
		};
		C851C8A521D35C9200BD718E /* Sources */ = {
			isa = PBXSourcesBuildPhase;
			buildActionMask = 2147483647;
			files = (
				C851C8AE21D35C9200BD718E /* CandyWithMVVMCTests.swift in Sources */,
			);
			runOnlyForDeploymentPostprocessing = 0;
		};
		C851C8B021D35C9200BD718E /* Sources */ = {
			isa = PBXSourcesBuildPhase;
			buildActionMask = 2147483647;
			files = (
				C851C8B921D35C9200BD718E /* CandyWithMVVMCUITests.swift in Sources */,
			);
			runOnlyForDeploymentPostprocessing = 0;
		};
/* End PBXSourcesBuildPhase section */

/* Begin PBXTargetDependency section */
		C851C8AB21D35C9200BD718E /* PBXTargetDependency */ = {
			isa = PBXTargetDependency;
			target = C851C89421D35C9000BD718E /* CandyWithMVVMC */;
			targetProxy = C851C8AA21D35C9200BD718E /* PBXContainerItemProxy */;
		};
		C851C8B621D35C9200BD718E /* PBXTargetDependency */ = {
			isa = PBXTargetDependency;
			target = C851C89421D35C9000BD718E /* CandyWithMVVMC */;
			targetProxy = C851C8B521D35C9200BD718E /* PBXContainerItemProxy */;
		};
/* End PBXTargetDependency section */

/* Begin PBXVariantGroup section */
		C851C89C21D35C9000BD718E /* Main.storyboard */ = {
			isa = PBXVariantGroup;
			children = (
				C851C89D21D35C9000BD718E /* Base */,
			);
			name = Main.storyboard;
			sourceTree = "<group>";
		};
		C851C8A121D35C9200BD718E /* LaunchScreen.storyboard */ = {
			isa = PBXVariantGroup;
			children = (
				C851C8A221D35C9200BD718E /* Base */,
			);
			name = LaunchScreen.storyboard;
			sourceTree = "<group>";
		};
/* End PBXVariantGroup section */

/* Begin XCBuildConfiguration section */
		C851C8BB21D35C9200BD718E /* Debug */ = {
			isa = XCBuildConfiguration;
			buildSettings = {
				ALWAYS_SEARCH_USER_PATHS = NO;
				CLANG_ANALYZER_NONNULL = YES;
				CLANG_ANALYZER_NUMBER_OBJECT_CONVERSION = YES_AGGRESSIVE;
				CLANG_CXX_LANGUAGE_STANDARD = "gnu++14";
				CLANG_CXX_LIBRARY = "libc++";
				CLANG_ENABLE_MODULES = YES;
				CLANG_ENABLE_OBJC_ARC = YES;
				CLANG_ENABLE_OBJC_WEAK = YES;
				CLANG_WARN_BLOCK_CAPTURE_AUTORELEASING = YES;
				CLANG_WARN_BOOL_CONVERSION = YES;
				CLANG_WARN_COMMA = YES;
				CLANG_WARN_CONSTANT_CONVERSION = YES;
				CLANG_WARN_DEPRECATED_OBJC_IMPLEMENTATIONS = YES;
				CLANG_WARN_DIRECT_OBJC_ISA_USAGE = YES_ERROR;
				CLANG_WARN_DOCUMENTATION_COMMENTS = YES;
				CLANG_WARN_EMPTY_BODY = YES;
				CLANG_WARN_ENUM_CONVERSION = YES;
				CLANG_WARN_INFINITE_RECURSION = YES;
				CLANG_WARN_INT_CONVERSION = YES;
				CLANG_WARN_NON_LITERAL_NULL_CONVERSION = YES;
				CLANG_WARN_OBJC_IMPLICIT_RETAIN_SELF = YES;
				CLANG_WARN_OBJC_LITERAL_CONVERSION = YES;
				CLANG_WARN_OBJC_ROOT_CLASS = YES_ERROR;
				CLANG_WARN_RANGE_LOOP_ANALYSIS = YES;
				CLANG_WARN_STRICT_PROTOTYPES = YES;
				CLANG_WARN_SUSPICIOUS_MOVE = YES;
				CLANG_WARN_UNGUARDED_AVAILABILITY = YES_AGGRESSIVE;
				CLANG_WARN_UNREACHABLE_CODE = YES;
				CLANG_WARN__DUPLICATE_METHOD_MATCH = YES;
				CODE_SIGN_IDENTITY = "iPhone Developer";
				COPY_PHASE_STRIP = NO;
				DEBUG_INFORMATION_FORMAT = dwarf;
				ENABLE_STRICT_OBJC_MSGSEND = YES;
				ENABLE_TESTABILITY = YES;
				GCC_C_LANGUAGE_STANDARD = gnu11;
				GCC_DYNAMIC_NO_PIC = NO;
				GCC_NO_COMMON_BLOCKS = YES;
				GCC_OPTIMIZATION_LEVEL = 0;
				GCC_PREPROCESSOR_DEFINITIONS = (
					"DEBUG=1",
					"$(inherited)",
				);
				GCC_WARN_64_TO_32_BIT_CONVERSION = YES;
				GCC_WARN_ABOUT_RETURN_TYPE = YES_ERROR;
				GCC_WARN_UNDECLARED_SELECTOR = YES;
				GCC_WARN_UNINITIALIZED_AUTOS = YES_AGGRESSIVE;
				GCC_WARN_UNUSED_FUNCTION = YES;
				GCC_WARN_UNUSED_VARIABLE = YES;
				IPHONEOS_DEPLOYMENT_TARGET = 12.1;
				MTL_ENABLE_DEBUG_INFO = INCLUDE_SOURCE;
				MTL_FAST_MATH = YES;
				ONLY_ACTIVE_ARCH = YES;
				SDKROOT = iphoneos;
				SWIFT_ACTIVE_COMPILATION_CONDITIONS = DEBUG;
				SWIFT_OPTIMIZATION_LEVEL = "-Onone";
			};
			name = Debug;
		};
		C851C8BC21D35C9200BD718E /* Release */ = {
			isa = XCBuildConfiguration;
			buildSettings = {
				ALWAYS_SEARCH_USER_PATHS = NO;
				CLANG_ANALYZER_NONNULL = YES;
				CLANG_ANALYZER_NUMBER_OBJECT_CONVERSION = YES_AGGRESSIVE;
				CLANG_CXX_LANGUAGE_STANDARD = "gnu++14";
				CLANG_CXX_LIBRARY = "libc++";
				CLANG_ENABLE_MODULES = YES;
				CLANG_ENABLE_OBJC_ARC = YES;
				CLANG_ENABLE_OBJC_WEAK = YES;
				CLANG_WARN_BLOCK_CAPTURE_AUTORELEASING = YES;
				CLANG_WARN_BOOL_CONVERSION = YES;
				CLANG_WARN_COMMA = YES;
				CLANG_WARN_CONSTANT_CONVERSION = YES;
				CLANG_WARN_DEPRECATED_OBJC_IMPLEMENTATIONS = YES;
				CLANG_WARN_DIRECT_OBJC_ISA_USAGE = YES_ERROR;
				CLANG_WARN_DOCUMENTATION_COMMENTS = YES;
				CLANG_WARN_EMPTY_BODY = YES;
				CLANG_WARN_ENUM_CONVERSION = YES;
				CLANG_WARN_INFINITE_RECURSION = YES;
				CLANG_WARN_INT_CONVERSION = YES;
				CLANG_WARN_NON_LITERAL_NULL_CONVERSION = YES;
				CLANG_WARN_OBJC_IMPLICIT_RETAIN_SELF = YES;
				CLANG_WARN_OBJC_LITERAL_CONVERSION = YES;
				CLANG_WARN_OBJC_ROOT_CLASS = YES_ERROR;
				CLANG_WARN_RANGE_LOOP_ANALYSIS = YES;
				CLANG_WARN_STRICT_PROTOTYPES = YES;
				CLANG_WARN_SUSPICIOUS_MOVE = YES;
				CLANG_WARN_UNGUARDED_AVAILABILITY = YES_AGGRESSIVE;
				CLANG_WARN_UNREACHABLE_CODE = YES;
				CLANG_WARN__DUPLICATE_METHOD_MATCH = YES;
				CODE_SIGN_IDENTITY = "iPhone Developer";
				COPY_PHASE_STRIP = NO;
				DEBUG_INFORMATION_FORMAT = "dwarf-with-dsym";
				ENABLE_NS_ASSERTIONS = NO;
				ENABLE_STRICT_OBJC_MSGSEND = YES;
				GCC_C_LANGUAGE_STANDARD = gnu11;
				GCC_NO_COMMON_BLOCKS = YES;
				GCC_WARN_64_TO_32_BIT_CONVERSION = YES;
				GCC_WARN_ABOUT_RETURN_TYPE = YES_ERROR;
				GCC_WARN_UNDECLARED_SELECTOR = YES;
				GCC_WARN_UNINITIALIZED_AUTOS = YES_AGGRESSIVE;
				GCC_WARN_UNUSED_FUNCTION = YES;
				GCC_WARN_UNUSED_VARIABLE = YES;
				IPHONEOS_DEPLOYMENT_TARGET = 12.1;
				MTL_ENABLE_DEBUG_INFO = NO;
				MTL_FAST_MATH = YES;
				SDKROOT = iphoneos;
				SWIFT_COMPILATION_MODE = wholemodule;
				SWIFT_OPTIMIZATION_LEVEL = "-O";
				VALIDATE_PRODUCT = YES;
			};
			name = Release;
		};
		C851C8BE21D35C9200BD718E /* Debug */ = {
			isa = XCBuildConfiguration;
			buildSettings = {
				ASSETCATALOG_COMPILER_APPICON_NAME = AppIcon;
				CODE_SIGN_STYLE = Automatic;
				INFOPLIST_FILE = CandyWithMVVMC/Info.plist;
				IPHONEOS_DEPLOYMENT_TARGET = 13.0;
				LD_RUNPATH_SEARCH_PATHS = (
					"$(inherited)",
					"@executable_path/Frameworks",
				);
				PRODUCT_BUNDLE_IDENTIFIER = william.CandyWithMVVMC;
				PRODUCT_NAME = "$(TARGET_NAME)";
				SWIFT_VERSION = 5.0;
				TARGETED_DEVICE_FAMILY = "1,2";
			};
			name = Debug;
		};
		C851C8BF21D35C9200BD718E /* Release */ = {
			isa = XCBuildConfiguration;
			buildSettings = {
				ASSETCATALOG_COMPILER_APPICON_NAME = AppIcon;
				CODE_SIGN_STYLE = Automatic;
				INFOPLIST_FILE = CandyWithMVVMC/Info.plist;
				IPHONEOS_DEPLOYMENT_TARGET = 13.0;
				LD_RUNPATH_SEARCH_PATHS = (
					"$(inherited)",
					"@executable_path/Frameworks",
				);
				PRODUCT_BUNDLE_IDENTIFIER = william.CandyWithMVVMC;
				PRODUCT_NAME = "$(TARGET_NAME)";
				SWIFT_VERSION = 5.0;
				TARGETED_DEVICE_FAMILY = "1,2";
			};
			name = Release;
		};
		C851C8C121D35C9200BD718E /* Debug */ = {
			isa = XCBuildConfiguration;
			buildSettings = {
				ALWAYS_EMBED_SWIFT_STANDARD_LIBRARIES = YES;
				BUNDLE_LOADER = "$(TEST_HOST)";
				CODE_SIGN_STYLE = Automatic;
				INFOPLIST_FILE = CandyWithMVVMCTests/Info.plist;
				LD_RUNPATH_SEARCH_PATHS = (
					"$(inherited)",
					"@executable_path/Frameworks",
					"@loader_path/Frameworks",
				);
				PRODUCT_BUNDLE_IDENTIFIER = william.CandyWithMVVMCTests;
				PRODUCT_NAME = "$(TARGET_NAME)";
				SWIFT_VERSION = 4.2;
				TARGETED_DEVICE_FAMILY = "1,2";
				TEST_HOST = "$(BUILT_PRODUCTS_DIR)/CandyWithMVVMC.app/CandyWithMVVMC";
			};
			name = Debug;
		};
		C851C8C221D35C9200BD718E /* Release */ = {
			isa = XCBuildConfiguration;
			buildSettings = {
				ALWAYS_EMBED_SWIFT_STANDARD_LIBRARIES = YES;
				BUNDLE_LOADER = "$(TEST_HOST)";
				CODE_SIGN_STYLE = Automatic;
				INFOPLIST_FILE = CandyWithMVVMCTests/Info.plist;
				LD_RUNPATH_SEARCH_PATHS = (
					"$(inherited)",
					"@executable_path/Frameworks",
					"@loader_path/Frameworks",
				);
				PRODUCT_BUNDLE_IDENTIFIER = william.CandyWithMVVMCTests;
				PRODUCT_NAME = "$(TARGET_NAME)";
				SWIFT_VERSION = 4.2;
				TARGETED_DEVICE_FAMILY = "1,2";
				TEST_HOST = "$(BUILT_PRODUCTS_DIR)/CandyWithMVVMC.app/CandyWithMVVMC";
			};
			name = Release;
		};
		C851C8C421D35C9200BD718E /* Debug */ = {
			isa = XCBuildConfiguration;
			buildSettings = {
				ALWAYS_EMBED_SWIFT_STANDARD_LIBRARIES = YES;
				CODE_SIGN_STYLE = Automatic;
				INFOPLIST_FILE = CandyWithMVVMCUITests/Info.plist;
				LD_RUNPATH_SEARCH_PATHS = (
					"$(inherited)",
					"@executable_path/Frameworks",
					"@loader_path/Frameworks",
				);
				PRODUCT_BUNDLE_IDENTIFIER = william.CandyWithMVVMCUITests;
				PRODUCT_NAME = "$(TARGET_NAME)";
				SWIFT_VERSION = 4.2;
				TARGETED_DEVICE_FAMILY = "1,2";
				TEST_TARGET_NAME = CandyWithMVVMC;
			};
			name = Debug;
		};
		C851C8C521D35C9200BD718E /* Release */ = {
			isa = XCBuildConfiguration;
			buildSettings = {
				ALWAYS_EMBED_SWIFT_STANDARD_LIBRARIES = YES;
				CODE_SIGN_STYLE = Automatic;
				INFOPLIST_FILE = CandyWithMVVMCUITests/Info.plist;
				LD_RUNPATH_SEARCH_PATHS = (
					"$(inherited)",
					"@executable_path/Frameworks",
					"@loader_path/Frameworks",
				);
				PRODUCT_BUNDLE_IDENTIFIER = william.CandyWithMVVMCUITests;
				PRODUCT_NAME = "$(TARGET_NAME)";
				SWIFT_VERSION = 4.2;
				TARGETED_DEVICE_FAMILY = "1,2";
				TEST_TARGET_NAME = CandyWithMVVMC;
			};
			name = Release;
		};
/* End XCBuildConfiguration section */

/* Begin XCConfigurationList section */
		C851C89021D35C9000BD718E /* Build configuration list for PBXProject "CandyWithMVVMC" */ = {
			isa = XCConfigurationList;
			buildConfigurations = (
				C851C8BB21D35C9200BD718E /* Debug */,
				C851C8BC21D35C9200BD718E /* Release */,
			);
			defaultConfigurationIsVisible = 0;
			defaultConfigurationName = Release;
		};
		C851C8BD21D35C9200BD718E /* Build configuration list for PBXNativeTarget "CandyWithMVVMC" */ = {
			isa = XCConfigurationList;
			buildConfigurations = (
				C851C8BE21D35C9200BD718E /* Debug */,
				C851C8BF21D35C9200BD718E /* Release */,
			);
			defaultConfigurationIsVisible = 0;
			defaultConfigurationName = Release;
		};
		C851C8C021D35C9200BD718E /* Build configuration list for PBXNativeTarget "CandyWithMVVMCTests" */ = {
			isa = XCConfigurationList;
			buildConfigurations = (
				C851C8C121D35C9200BD718E /* Debug */,
				C851C8C221D35C9200BD718E /* Release */,
			);
			defaultConfigurationIsVisible = 0;
			defaultConfigurationName = Release;
		};
		C851C8C321D35C9200BD718E /* Build configuration list for PBXNativeTarget "CandyWithMVVMCUITests" */ = {
			isa = XCConfigurationList;
			buildConfigurations = (
				C851C8C421D35C9200BD718E /* Debug */,
				C851C8C521D35C9200BD718E /* Release */,
			);
			defaultConfigurationIsVisible = 0;
			defaultConfigurationName = Release;
		};
/* End XCConfigurationList section */
	};
	rootObject = C851C88D21D35C9000BD718E /* Project object */;
}
